
Microsoft Visual Studio Solution File, Format Version 12.00
# Visual Studio Version 17
VisualStudioVersion = 17.5.002.0
MinimumVisualStudioVersion = 10.0.40219.1
Project("{9A19103F-16F7-4668-BE54-9A1E7A4F7556}") = "MyWebApp", "MyWebApp.csproj", "{9E15B37C-CF1D-4B19-9323-946E1A650B3D}"
EndProject
Global
	GlobalSection(SolutionConfigurationPlatforms) = preSolution
		Debug|Any CPU = Debug|Any CPU
		Release|Any CPU = Release|Any CPU
	EndGlobalSection
	GlobalSection(ProjectConfigurationPlatforms) = postSolution
		{9E15B37C-CF1D-4B19-9323-946E1A650B3D}.Debug|Any CPU.ActiveCfg = Debug|Any CPU
		{9E15B37C-CF1D-4B19-9323-946E1A650B3D}.Debug|Any CPU.Build.0 = Debug|Any CPU
		{9E15B37C-CF1D-4B19-9323-946E1A650B3D}.Release|Any CPU.ActiveCfg = Release|Any CPU
		{9E15B37C-CF1D-4B19-9323-946E1A650B3D}.Release|Any CPU.Build.0 = Release|Any CPU
	EndGlobalSection
	GlobalSection(SolutionProperties) = preSolution
		HideSolutionNode = FALSE
	EndGlobalSection
	GlobalSection(ExtensibilityGlobals) = postSolution
		SolutionGuid = {D424197A-42C1-47A1-A657-9A3E5E6149A0}
	EndGlobalSection
EndGlobal
